
Microsoft Visual Studio Solution File, Format Version 12.00
# Visual Studio Version 16
VisualStudioVersion = 16.0.30717.126
MinimumVisualStudioVersion = 10.0.40219.1
Project("{9A19103F-16F7-4668-BE54-9A1E7A4F7556}") = "Api", "Api\Api.csproj", "{4E654756-4B1A-4A4D-B92A-6FB4A4C0E19A}"
EndProject
Global
	GlobalSection(SolutionConfigurationPlatforms) = preSolution
		Debug|Any CPU = Debug|Any CPU
		Release|Any CPU = Release|Any CPU
	EndGlobalSection
	GlobalSection(ProjectConfigurationPlatforms) = postSolution
		{4E654756-4B1A-4A4D-B92A-6FB4A4C0E19A}.Debug|Any CPU.ActiveCfg = Debug|Any CPU
		{4E654756-4B1A-4A4D-B92A-6FB4A4C0E19A}.Debug|Any CPU.Build.0 = Debug|Any CPU
		{4E654756-4B1A-4A4D-B92A-6FB4A4C0E19A}.Release|Any CPU.ActiveCfg = Release|Any CPU
		{4E654756-4B1A-4A4D-B92A-6FB4A4C0E19A}.Release|Any CPU.Build.0 = Release|Any CPU
	EndGlobalSection
	GlobalSection(SolutionProperties) = preSolution
		HideSolutionNode = FALSE
	EndGlobalSection
	GlobalSection(ExtensibilityGlobals) = postSolution
		SolutionGuid = {0EB29FA6-7A1F-4241-B4F3-E0F1C2B3D9D3}
	EndGlobalSection
	GlobalSection(TeamFoundationVersionControl) = preSolution
		SccNumberOfProjects = 2
		SccEnterpriseProvider = {4CA58AB2-18FA-4F8D-95D4-32DDF27D184C}
		SccTeamFoundationServer = https://dev.azure.com/unifyfcu
		SccLocalPath0 = .
		SccProjectUniqueName1 = Api\\Api.csproj
		SccProjectName1 = Api
		SccLocalPath1 = Api
	EndGlobalSection
EndGlobal
